
Microsoft Visual Studio Solution File, Format Version 12.00
# Visual Studio Version 17
VisualStudioVersion = 17.3.32901.215
MinimumVisualStudioVersion = 10.0.40219.1
Project("{FAE04EC0-301F-11D3-BF4B-00C04F79EFBC}") = "DataAdapterProgram", "DataAdapterProgram.csproj", "{4ECF6C5B-7ABF-4E26-AD4B-A0831AAA37F4}"
EndProject
Global
	GlobalSection(SolutionConfigurationPlatforms) = preSolution
		Debug|Any CPU = Debug|Any CPU
		Release|Any CPU = Release|Any CPU
	EndGlobalSection
	GlobalSection(ProjectConfigurationPlatforms) = postSolution
		{4ECF6C5B-7ABF-4E26-AD4B-A0831AAA37F4}.Debug|Any CPU.ActiveCfg = Debug|Any CPU
		{4ECF6C5B-7ABF-4E26-AD4B-A0831AAA37F4}.Debug|Any CPU.Build.0 = Debug|Any CPU
		{4ECF6C5B-7ABF-4E26-AD4B-A0831AAA37F4}.Release|Any CPU.ActiveCfg = Release|Any CPU
		{4ECF6C5B-7ABF-4E26-AD4B-A0831AAA37F4}.Release|Any CPU.Build.0 = Release|Any CPU
	EndGlobalSection
	GlobalSection(SolutionProperties) = preSolution
		HideSolutionNode = FALSE
	EndGlobalSection
	GlobalSection(ExtensibilityGlobals) = postSolution
		SolutionGuid = {E05A51D8-9D33-47D3-B46F-821EA87F1CF4}
	EndGlobalSection
EndGlobal
