
Microsoft Visual Studio Solution File, Format Version 12.00
# Visual Studio Version 17
VisualStudioVersion = 17.3.32901.215
MinimumVisualStudioVersion = 10.0.40219.1
Project("{FAE04EC0-301F-11D3-BF4B-00C04F79EFBC}") = "ADO.NET Finn", "ADO.NET Finn.csproj", "{B8BC51D3-3181-4C2A-A4D8-52711BA0CAB9}"
EndProject
Global
	GlobalSection(SolutionConfigurationPlatforms) = preSolution
		Debug|Any CPU = Debug|Any CPU
		Release|Any CPU = Release|Any CPU
	EndGlobalSection
	GlobalSection(ProjectConfigurationPlatforms) = postSolution
		{B8BC51D3-3181-4C2A-A4D8-52711BA0CAB9}.Debug|Any CPU.ActiveCfg = Debug|Any CPU
		{B8BC51D3-3181-4C2A-A4D8-52711BA0CAB9}.Debug|Any CPU.Build.0 = Debug|Any CPU
		{B8BC51D3-3181-4C2A-A4D8-52711BA0CAB9}.Release|Any CPU.ActiveCfg = Release|Any CPU
		{B8BC51D3-3181-4C2A-A4D8-52711BA0CAB9}.Release|Any CPU.Build.0 = Release|Any CPU
	EndGlobalSection
	GlobalSection(SolutionProperties) = preSolution
		HideSolutionNode = FALSE
	EndGlobalSection
	GlobalSection(ExtensibilityGlobals) = postSolution
		SolutionGuid = {2326F351-6762-4592-840B-9696CAD8BB7E}
	EndGlobalSection
EndGlobal
