
Microsoft Visual Studio Solution File, Format Version 12.00
# Visual Studio Version 17
VisualStudioVersion = 17.3.32901.215
MinimumVisualStudioVersion = 10.0.40219.1
Project("{FAE04EC0-301F-11D3-BF4B-00C04F79EFBC}") = "DatasetDesigner", "DatasetDesigner.csproj", "{C25C6822-9569-407E-A8F5-EEF8CC730342}"
EndProject
Global
	GlobalSection(SolutionConfigurationPlatforms) = preSolution
		Debug|Any CPU = Debug|Any CPU
		Release|Any CPU = Release|Any CPU
	EndGlobalSection
	GlobalSection(ProjectConfigurationPlatforms) = postSolution
		{C25C6822-9569-407E-A8F5-EEF8CC730342}.Debug|Any CPU.ActiveCfg = Debug|Any CPU
		{C25C6822-9569-407E-A8F5-EEF8CC730342}.Debug|Any CPU.Build.0 = Debug|Any CPU
		{C25C6822-9569-407E-A8F5-EEF8CC730342}.Release|Any CPU.ActiveCfg = Release|Any CPU
		{C25C6822-9569-407E-A8F5-EEF8CC730342}.Release|Any CPU.Build.0 = Release|Any CPU
	EndGlobalSection
	GlobalSection(SolutionProperties) = preSolution
		HideSolutionNode = FALSE
	EndGlobalSection
	GlobalSection(ExtensibilityGlobals) = postSolution
		SolutionGuid = {57A87590-22B4-4A84-9020-2D70887282C7}
	EndGlobalSection
EndGlobal
